{
    "_meta": {
        "hash": {
            "sha256": "7335e64d1f7dfc5a578ff8a5b9037dd46ee216f4eb3b371211938a88858129f1"
        },
        "pipfile-spec": 6,
        "requires": {
            "python_version": "3.9"
        },
        "sources": [
            {
                "name": "pypi",
                "url": "https://pypi.org/simple",
                "verify_ssl": true
            }
        ]
    },
    "default": {
        "asgiref": {
            "hashes": [
                "sha256:1d2880b792ae8757289136f1db2b7b99100ce959b2aa57fd69dab783d05afac4",
                "sha256:4a29362a6acebe09bf1d6640db38c1dc3d9217c68e6f9f6204d72667fc19a424"
            ],
            "version": "==3.5.2"
        },
        "django": {
            "hashes": [
                "sha256:0604e84c4fb698a5e53e5857b5aea945b2f19a18f25f10b8748dbdf935788927",
                "sha256:21f0f9643722675976004eb683c55d33c05486f94506672df3d6a141546f389d"
            ],
            "index": "pypi",
            "version": "==3.2"
        },
        "django-phonenumber-field": {
            "extras": [
                "phonenumbers"
            ],
            "hashes": [
                "sha256:188ca55b27ef1ac4d9b279d90ee3f1377ece6cd9ed8c63f0a66efd565bf9ad6f",
                "sha256:668db2e61559908ce8dcd660ac716262c7922cc29ec76ede3f9b88772992dc28"
            ],
            "index": "pypi",
            "version": "==6.3.0"
        },
        "phonenumbers": {
            "hashes": [
                "sha256:3f3160d1416dbb0be710cc5e914e60d0d3bba00e52edb48af3864efcb8290971",
                "sha256:d2b5bc70e4fbcf92ddcef6cb81ac8b813157a80b3381f94be777ccadbbe9066f"
            ],
            "markers": "extra == 'phonenumbers'",
            "version": "==8.12.52"
        },
        "pytz": {
            "hashes": [
                "sha256:1e760e2fe6a8163bc0b3d9a19c4f84342afa0a2affebfaa84b01b978a02ecaa7",
                "sha256:e68985985296d9a66a881eb3193b0906246245294a881e7c8afe623866ac6a5c"
            ],
            "version": "==2022.1"
        },
        "sqlparse": {
            "hashes": [
                "sha256:0c00730c74263a94e5a9919ade150dfc3b19c574389985446148402998287dae",
                "sha256:48719e356bb8b42991bdbb1e8b83223757b93789c00910a616a071910ca4a64d"
            ],
            "version": "==0.4.2"
        }
    },
    "develop": {}
}
